
Microsoft Visual Studio Solution File, Format Version 12.00
# Visual Studio Version 16
VisualStudioVersion = 16.0.30204.135
MinimumVisualStudioVersion = 10.0.40219.1
Project("{FAE04EC0-301F-11D3-BF4B-00C04F79EFBC}") = "MathTesting", "MathTesting\MathTesting.csproj", "{1FE9A0F7-BF43-4CF0-A1DD-B46CA2FCFFF0}"
EndProject
Global
	GlobalSection(SolutionConfigurationPlatforms) = preSolution
		Debug|Any CPU = Debug|Any CPU
		Release|Any CPU = Release|Any CPU
	EndGlobalSection
	GlobalSection(ProjectConfigurationPlatforms) = postSolution
		{1FE9A0F7-BF43-4CF0-A1DD-B46CA2FCFFF0}.Debug|Any CPU.ActiveCfg = Debug|Any CPU
		{1FE9A0F7-BF43-4CF0-A1DD-B46CA2FCFFF0}.Debug|Any CPU.Build.0 = Debug|Any CPU
		{1FE9A0F7-BF43-4CF0-A1DD-B46CA2FCFFF0}.Release|Any CPU.ActiveCfg = Release|Any CPU
		{1FE9A0F7-BF43-4CF0-A1DD-B46CA2FCFFF0}.Release|Any CPU.Build.0 = Release|Any CPU
	EndGlobalSection
	GlobalSection(SolutionProperties) = preSolution
		HideSolutionNode = FALSE
	EndGlobalSection
	GlobalSection(ExtensibilityGlobals) = postSolution
		SolutionGuid = {4786F35A-A2BC-4913-8097-401E780C8EF9}
	EndGlobalSection
EndGlobal
